// !$*UTF8*$!
{
	archiveVersion = 1;
	classes = {
	};
	objectVersion = 46;
	objects = {

/* Begin PBXBuildFile section */
		236DB9F018D913F100F9BB50 /* Foundation.framework in Frameworks */ = {isa = PBXBuildFile; fileRef = 236DB9EF18D913F100F9BB50 /* Foundation.framework */; };
		236DB9F218D913F100F9BB50 /* CoreGraphics.framework in Frameworks */ = {isa = PBXBuildFile; fileRef = 236DB9F118D913F100F9BB50 /* CoreGraphics.framework */; };
		236DB9F418D913F100F9BB50 /* UIKit.framework in Frameworks */ = {isa = PBXBuildFile; fileRef = 236DB9F318D913F100F9BB50 /* UIKit.framework */; };
		236DB9FA18D913F100F9BB50 /* InfoPlist.strings in Resources */ = {isa = PBXBuildFile; fileRef = 236DB9F818D913F100F9BB50 /* InfoPlist.strings */; };
		236DB9FC18D913F100F9BB50 /* main.m in Sources */ = {isa = PBXBuildFile; fileRef = 236DB9FB18D913F100F9BB50 /* main.m */; };
		236DBA0018D913F100F9BB50 /* AppDelegate.m in Sources */ = {isa = PBXBuildFile; fileRef = 236DB9FF18D913F100F9BB50 /* AppDelegate.m */; };
		236DBA0318D913F100F9BB50 /* Main.storyboard in Resources */ = {isa = PBXBuildFile; fileRef = 236DBA0118D913F100F9BB50 /* Main.storyboard */; };
		236DBA0618D913F100F9BB50 /* MasterViewController.m in Sources */ = {isa = PBXBuildFile; fileRef = 236DBA0518D913F100F9BB50 /* MasterViewController.m */; };
		236DBA0918D913F100F9BB50 /* DetailViewController.m in Sources */ = {isa = PBXBuildFile; fileRef = 236DBA0818D913F100F9BB50 /* DetailViewController.m */; };
		236DBA0B18D913F100F9BB50 /* Images.xcassets in Resources */ = {isa = PBXBuildFile; fileRef = 236DBA0A18D913F100F9BB50 /* Images.xcassets */; };
		236DBA1218D913F100F9BB50 /* XCTest.framework in Frameworks */ = {isa = PBXBuildFile; fileRef = 236DBA1118D913F100F9BB50 /* XCTest.framework */; };
		236DBA1318D913F100F9BB50 /* Foundation.framework in Frameworks */ = {isa = PBXBuildFile; fileRef = 236DB9EF18D913F100F9BB50 /* Foundation.framework */; };
		236DBA1418D913F100F9BB50 /* UIKit.framework in Frameworks */ = {isa = PBXBuildFile; fileRef = 236DB9F318D913F100F9BB50 /* UIKit.framework */; };
		236DBA1C18D913F100F9BB50 /* InfoPlist.strings in Resources */ = {isa = PBXBuildFile; fileRef = 236DBA1A18D913F100F9BB50 /* InfoPlist.strings */; };
		236DBA1E18D913F100F9BB50 /* HOOffersTests.m in Sources */ = {isa = PBXBuildFile; fileRef = 236DBA1D18D913F100F9BB50 /* HOOffersTests.m */; };
		236DBA2918D9141700F9BB50 /* Offer.m in Sources */ = {isa = PBXBuildFile; fileRef = 236DBA2818D9141700F9BB50 /* Offer.m */; };
/* End PBXBuildFile section */

/* Begin PBXContainerItemProxy section */
		236DBA1518D913F100F9BB50 /* PBXContainerItemProxy */ = {
			isa = PBXContainerItemProxy;
			containerPortal = 236DB9E418D913F100F9BB50 /* Project object */;
			proxyType = 1;
			remoteGlobalIDString = 236DB9EB18D913F100F9BB50;
			remoteInfo = HOOffers;
		};
/* End PBXContainerItemProxy section */

/* Begin PBXFileReference section */
		236DB9EC18D913F100F9BB50 /* HOOffers.app */ = {isa = PBXFileReference; explicitFileType = wrapper.application; includeInIndex = 0; path = HOOffers.app; sourceTree = BUILT_PRODUCTS_DIR; };
		236DB9EF18D913F100F9BB50 /* Foundation.framework */ = {isa = PBXFileReference; lastKnownFileType = wrapper.framework; name = Foundation.framework; path = System/Library/Frameworks/Foundation.framework; sourceTree = SDKROOT; };
		236DB9F118D913F100F9BB50 /* CoreGraphics.framework */ = {isa = PBXFileReference; lastKnownFileType = wrapper.framework; name = CoreGraphics.framework; path = System/Library/Frameworks/CoreGraphics.framework; sourceTree = SDKROOT; };
		236DB9F318D913F100F9BB50 /* UIKit.framework */ = {isa = PBXFileReference; lastKnownFileType = wrapper.framework; name = UIKit.framework; path = System/Library/Frameworks/UIKit.framework; sourceTree = SDKROOT; };
		236DB9F718D913F100F9BB50 /* HOOffers-Info.plist */ = {isa = PBXFileReference; lastKnownFileType = text.plist.xml; path = "HOOffers-Info.plist"; sourceTree = "<group>"; };
		236DB9F918D913F100F9BB50 /* en */ = {isa = PBXFileReference; lastKnownFileType = text.plist.strings; name = en; path = en.lproj/InfoPlist.strings; sourceTree = "<group>"; };
		236DB9FB18D913F100F9BB50 /* main.m */ = {isa = PBXFileReference; lastKnownFileType = sourcecode.c.objc; path = main.m; sourceTree = "<group>"; };
		236DB9FD18D913F100F9BB50 /* HOOffers-Prefix.pch */ = {isa = PBXFileReference; lastKnownFileType = sourcecode.c.h; path = "HOOffers-Prefix.pch"; sourceTree = "<group>"; };
		236DB9FE18D913F100F9BB50 /* AppDelegate.h */ = {isa = PBXFileReference; lastKnownFileType = sourcecode.c.h; path = AppDelegate.h; sourceTree = "<group>"; };
		236DB9FF18D913F100F9BB50 /* AppDelegate.m */ = {isa = PBXFileReference; lastKnownFileType = sourcecode.c.objc; path = AppDelegate.m; sourceTree = "<group>"; };
		236DBA0218D913F100F9BB50 /* Base */ = {isa = PBXFileReference; lastKnownFileType = file.storyboard; name = Base; path = Base.lproj/Main.storyboard; sourceTree = "<group>"; };
		236DBA0418D913F100F9BB50 /* MasterViewController.h */ = {isa = PBXFileReference; lastKnownFileType = sourcecode.c.h; path = MasterViewController.h; sourceTree = "<group>"; };
		236DBA0518D913F100F9BB50 /* MasterViewController.m */ = {isa = PBXFileReference; lastKnownFileType = sourcecode.c.objc; path = MasterViewController.m; sourceTree = "<group>"; };
		236DBA0718D913F100F9BB50 /* DetailViewController.h */ = {isa = PBXFileReference; lastKnownFileType = sourcecode.c.h; path = DetailViewController.h; sourceTree = "<group>"; };
		236DBA0818D913F100F9BB50 /* DetailViewController.m */ = {isa = PBXFileReference; lastKnownFileType = sourcecode.c.objc; path = DetailViewController.m; sourceTree = "<group>"; };
		236DBA0A18D913F100F9BB50 /* Images.xcassets */ = {isa = PBXFileReference; lastKnownFileType = folder.assetcatalog; path = Images.xcassets; sourceTree = "<group>"; };
		236DBA1018D913F100F9BB50 /* HOOffersTests.xctest */ = {isa = PBXFileReference; explicitFileType = wrapper.cfbundle; includeInIndex = 0; path = HOOffersTests.xctest; sourceTree = BUILT_PRODUCTS_DIR; };
		236DBA1118D913F100F9BB50 /* XCTest.framework */ = {isa = PBXFileReference; lastKnownFileType = wrapper.framework; name = XCTest.framework; path = Library/Frameworks/XCTest.framework; sourceTree = DEVELOPER_DIR; };
		236DBA1918D913F100F9BB50 /* HOOffersTests-Info.plist */ = {isa = PBXFileReference; lastKnownFileType = text.plist.xml; path = "HOOffersTests-Info.plist"; sourceTree = "<group>"; };
		236DBA1B18D913F100F9BB50 /* en */ = {isa = PBXFileReference; lastKnownFileType = text.plist.strings; name = en; path = en.lproj/InfoPlist.strings; sourceTree = "<group>"; };
		236DBA1D18D913F100F9BB50 /* HOOffersTests.m */ = {isa = PBXFileReference; lastKnownFileType = sourcecode.c.objc; path = HOOffersTests.m; sourceTree = "<group>"; };
		236DBA2718D9141700F9BB50 /* Offer.h */ = {isa = PBXFileReference; fileEncoding = 4; lastKnownFileType = sourcecode.c.h; path = Offer.h; sourceTree = "<group>"; };
		236DBA2818D9141700F9BB50 /* Offer.m */ = {isa = PBXFileReference; fileEncoding = 4; lastKnownFileType = sourcecode.c.objc; path = Offer.m; sourceTree = "<group>"; };
/* End PBXFileReference section */

/* Begin PBXFrameworksBuildPhase section */
		236DB9E918D913F100F9BB50 /* Frameworks */ = {
			isa = PBXFrameworksBuildPhase;
			buildActionMask = 2147483647;
			files = (
				236DB9F218D913F100F9BB50 /* CoreGraphics.framework in Frameworks */,
				236DB9F418D913F100F9BB50 /* UIKit.framework in Frameworks */,
				236DB9F018D913F100F9BB50 /* Foundation.framework in Frameworks */,
			);
			runOnlyForDeploymentPostprocessing = 0;
		};
		236DBA0D18D913F100F9BB50 /* Frameworks */ = {
			isa = PBXFrameworksBuildPhase;
			buildActionMask = 2147483647;
			files = (
				236DBA1218D913F100F9BB50 /* XCTest.framework in Frameworks */,
				236DBA1418D913F100F9BB50 /* UIKit.framework in Frameworks */,
				236DBA1318D913F100F9BB50 /* Foundation.framework in Frameworks */,
			);
			runOnlyForDeploymentPostprocessing = 0;
		};
/* End PBXFrameworksBuildPhase section */

/* Begin PBXGroup section */
		236DB9E318D913F100F9BB50 = {
			isa = PBXGroup;
			children = (
				236DB9F518D913F100F9BB50 /* HOOffers */,
				236DBA1718D913F100F9BB50 /* HOOffersTests */,
				236DB9EE18D913F100F9BB50 /* Frameworks */,
				236DB9ED18D913F100F9BB50 /* Products */,
			);
			sourceTree = "<group>";
		};
		236DB9ED18D913F100F9BB50 /* Products */ = {
			isa = PBXGroup;
			children = (
				236DB9EC18D913F100F9BB50 /* HOOffers.app */,
				236DBA1018D913F100F9BB50 /* HOOffersTests.xctest */,
			);
			name = Products;
			sourceTree = "<group>";
		};
		236DB9EE18D913F100F9BB50 /* Frameworks */ = {
			isa = PBXGroup;
			children = (
				236DB9EF18D913F100F9BB50 /* Foundation.framework */,
				236DB9F118D913F100F9BB50 /* CoreGraphics.framework */,
				236DB9F318D913F100F9BB50 /* UIKit.framework */,
				236DBA1118D913F100F9BB50 /* XCTest.framework */,
			);
			name = Frameworks;
			sourceTree = "<group>";
		};
		236DB9F518D913F100F9BB50 /* HOOffers */ = {
			isa = PBXGroup;
			children = (
				236DB9FE18D913F100F9BB50 /* AppDelegate.h */,
				236DBA2718D9141700F9BB50 /* Offer.h */,
				236DBA2818D9141700F9BB50 /* Offer.m */,
				236DB9FF18D913F100F9BB50 /* AppDelegate.m */,
				236DBA0118D913F100F9BB50 /* Main.storyboard */,
				236DBA0418D913F100F9BB50 /* MasterViewController.h */,
				236DBA0518D913F100F9BB50 /* MasterViewController.m */,
				236DBA0718D913F100F9BB50 /* DetailViewController.h */,
				236DBA0818D913F100F9BB50 /* DetailViewController.m */,
				236DBA0A18D913F100F9BB50 /* Images.xcassets */,
				236DB9F618D913F100F9BB50 /* Supporting Files */,
			);
			path = HOOffers;
			sourceTree = "<group>";
		};
		236DB9F618D913F100F9BB50 /* Supporting Files */ = {
			isa = PBXGroup;
			children = (
				236DB9F718D913F100F9BB50 /* HOOffers-Info.plist */,
				236DB9F818D913F100F9BB50 /* InfoPlist.strings */,
				236DB9FB18D913F100F9BB50 /* main.m */,
				236DB9FD18D913F100F9BB50 /* HOOffers-Prefix.pch */,
			);
			name = "Supporting Files";
			sourceTree = "<group>";
		};
		236DBA1718D913F100F9BB50 /* HOOffersTests */ = {
			isa = PBXGroup;
			children = (
				236DBA1D18D913F100F9BB50 /* HOOffersTests.m */,
				236DBA1818D913F100F9BB50 /* Supporting Files */,
			);
			path = HOOffersTests;
			sourceTree = "<group>";
		};
		236DBA1818D913F100F9BB50 /* Supporting Files */ = {
			isa = PBXGroup;
			children = (
				236DBA1918D913F100F9BB50 /* HOOffersTests-Info.plist */,
				236DBA1A18D913F100F9BB50 /* InfoPlist.strings */,
			);
			name = "Supporting Files";
			sourceTree = "<group>";
		};
/* End PBXGroup section */

/* Begin PBXNativeTarget section */
		236DB9EB18D913F100F9BB50 /* HOOffers */ = {
			isa = PBXNativeTarget;
			buildConfigurationList = 236DBA2118D913F100F9BB50 /* Build configuration list for PBXNativeTarget "HOOffers" */;
			buildPhases = (
				236DB9E818D913F100F9BB50 /* Sources */,
				236DB9E918D913F100F9BB50 /* Frameworks */,
				236DB9EA18D913F100F9BB50 /* Resources */,
			);
			buildRules = (
			);
			dependencies = (
			);
			name = HOOffers;
			productName = HOOffers;
			productReference = 236DB9EC18D913F100F9BB50 /* HOOffers.app */;
			productType = "com.apple.product-type.application";
		};
		236DBA0F18D913F100F9BB50 /* HOOffersTests */ = {
			isa = PBXNativeTarget;
			buildConfigurationList = 236DBA2418D913F100F9BB50 /* Build configuration list for PBXNativeTarget "HOOffersTests" */;
			buildPhases = (
				236DBA0C18D913F100F9BB50 /* Sources */,
				236DBA0D18D913F100F9BB50 /* Frameworks */,
				236DBA0E18D913F100F9BB50 /* Resources */,
			);
			buildRules = (
			);
			dependencies = (
				236DBA1618D913F100F9BB50 /* PBXTargetDependency */,
			);
			name = HOOffersTests;
			productName = HOOffersTests;
			productReference = 236DBA1018D913F100F9BB50 /* HOOffersTests.xctest */;
			productType = "com.apple.product-type.bundle.unit-test";
		};
/* End PBXNativeTarget section */

/* Begin PBXProject section */
		236DB9E418D913F100F9BB50 /* Project object */ = {
			isa = PBXProject;
			attributes = {
				LastUpgradeCheck = 0500;
				ORGANIZATIONNAME = "Frazier Moore";
				TargetAttributes = {
					236DBA0F18D913F100F9BB50 = {
						TestTargetID = 236DB9EB18D913F100F9BB50;
					};
				};
			};
			buildConfigurationList = 236DB9E718D913F100F9BB50 /* Build configuration list for PBXProject "HOOffers" */;
			compatibilityVersion = "Xcode 3.2";
			developmentRegion = English;
			hasScannedForEncodings = 0;
			knownRegions = (
				en,
				Base,
			);
			mainGroup = 236DB9E318D913F100F9BB50;
			productRefGroup = 236DB9ED18D913F100F9BB50 /* Products */;
			projectDirPath = "";
			projectRoot = "";
			targets = (
				236DB9EB18D913F100F9BB50 /* HOOffers */,
				236DBA0F18D913F100F9BB50 /* HOOffersTests */,
			);
		};
/* End PBXProject section */

/* Begin PBXResourcesBuildPhase section */
		236DB9EA18D913F100F9BB50 /* Resources */ = {
			isa = PBXResourcesBuildPhase;
			buildActionMask = 2147483647;
			files = (
				236DBA0B18D913F100F9BB50 /* Images.xcassets in Resources */,
				236DB9FA18D913F100F9BB50 /* InfoPlist.strings in Resources */,
				236DBA0318D913F100F9BB50 /* Main.storyboard in Resources */,
			);
			runOnlyForDeploymentPostprocessing = 0;
		};
		236DBA0E18D913F100F9BB50 /* Resources */ = {
			isa = PBXResourcesBuildPhase;
			buildActionMask = 2147483647;
			files = (
				236DBA1C18D913F100F9BB50 /* InfoPlist.strings in Resources */,
			);
			runOnlyForDeploymentPostprocessing = 0;
		};
/* End PBXResourcesBuildPhase section */

/* Begin PBXSourcesBuildPhase section */
		236DB9E818D913F100F9BB50 /* Sources */ = {
			isa = PBXSourcesBuildPhase;
			buildActionMask = 2147483647;
			files = (
				236DBA0018D913F100F9BB50 /* AppDelegate.m in Sources */,
				236DBA0618D913F100F9BB50 /* MasterViewController.m in Sources */,
				236DB9FC18D913F100F9BB50 /* main.m in Sources */,
				236DBA2918D9141700F9BB50 /* Offer.m in Sources */,
				236DBA0918D913F100F9BB50 /* DetailViewController.m in Sources */,
			);
			runOnlyForDeploymentPostprocessing = 0;
		};
		236DBA0C18D913F100F9BB50 /* Sources */ = {
			isa = PBXSourcesBuildPhase;
			buildActionMask = 2147483647;
			files = (
				236DBA1E18D913F100F9BB50 /* HOOffersTests.m in Sources */,
			);
			runOnlyForDeploymentPostprocessing = 0;
		};
/* End PBXSourcesBuildPhase section */

/* Begin PBXTargetDependency section */
		236DBA1618D913F100F9BB50 /* PBXTargetDependency */ = {
			isa = PBXTargetDependency;
			target = 236DB9EB18D913F100F9BB50 /* HOOffers */;
			targetProxy = 236DBA1518D913F100F9BB50 /* PBXContainerItemProxy */;
		};
/* End PBXTargetDependency section */

/* Begin PBXVariantGroup section */
		236DB9F818D913F100F9BB50 /* InfoPlist.strings */ = {
			isa = PBXVariantGroup;
			children = (
				236DB9F918D913F100F9BB50 /* en */,
			);
			name = InfoPlist.strings;
			sourceTree = "<group>";
		};
		236DBA0118D913F100F9BB50 /* Main.storyboard */ = {
			isa = PBXVariantGroup;
			children = (
				236DBA0218D913F100F9BB50 /* Base */,
			);
			name = Main.storyboard;
			sourceTree = "<group>";
		};
		236DBA1A18D913F100F9BB50 /* InfoPlist.strings */ = {
			isa = PBXVariantGroup;
			children = (
				236DBA1B18D913F100F9BB50 /* en */,
			);
			name = InfoPlist.strings;
			sourceTree = "<group>";
		};
/* End PBXVariantGroup section */

/* Begin XCBuildConfiguration section */
		236DBA1F18D913F100F9BB50 /* Debug */ = {
			isa = XCBuildConfiguration;
			buildSettings = {
				ALWAYS_SEARCH_USER_PATHS = NO;
				ARCHS = "$(ARCHS_STANDARD_INCLUDING_64_BIT)";
				CLANG_CXX_LANGUAGE_STANDARD = "gnu++0x";
				CLANG_CXX_LIBRARY = "libc++";
				CLANG_ENABLE_MODULES = YES;
				CLANG_ENABLE_OBJC_ARC = YES;
				CLANG_WARN_BOOL_CONVERSION = YES;
				CLANG_WARN_CONSTANT_CONVERSION = YES;
				CLANG_WARN_DIRECT_OBJC_ISA_USAGE = YES_ERROR;
				CLANG_WARN_EMPTY_BODY = YES;
				CLANG_WARN_ENUM_CONVERSION = YES;
				CLANG_WARN_INT_CONVERSION = YES;
				CLANG_WARN_OBJC_ROOT_CLASS = YES_ERROR;
				CLANG_WARN__DUPLICATE_METHOD_MATCH = YES;
				"CODE_SIGN_IDENTITY[sdk=iphoneos*]" = "iPhone Developer";
				COPY_PHASE_STRIP = NO;
				GCC_C_LANGUAGE_STANDARD = gnu99;
				GCC_DYNAMIC_NO_PIC = NO;
				GCC_OPTIMIZATION_LEVEL = 0;
				GCC_PREPROCESSOR_DEFINITIONS = (
					"DEBUG=1",
					"$(inherited)",
				);
				GCC_SYMBOLS_PRIVATE_EXTERN = NO;
				GCC_WARN_64_TO_32_BIT_CONVERSION = YES;
				GCC_WARN_ABOUT_RETURN_TYPE = YES_ERROR;
				GCC_WARN_UNDECLARED_SELECTOR = YES;
				GCC_WARN_UNINITIALIZED_AUTOS = YES;
				GCC_WARN_UNUSED_FUNCTION = YES;
				GCC_WARN_UNUSED_VARIABLE = YES;
				IPHONEOS_DEPLOYMENT_TARGET = 7.0;
				ONLY_ACTIVE_ARCH = YES;
				SDKROOT = iphoneos;
				TARGETED_DEVICE_FAMILY = 2;
			};
			name = Debug;
		};
		236DBA2018D913F100F9BB50 /* Release */ = {
			isa = XCBuildConfiguration;
			buildSettings = {
				ALWAYS_SEARCH_USER_PATHS = NO;
				ARCHS = "$(ARCHS_STANDARD_INCLUDING_64_BIT)";
				CLANG_CXX_LANGUAGE_STANDARD = "gnu++0x";
				CLANG_CXX_LIBRARY = "libc++";
				CLANG_ENABLE_MODULES = YES;
				CLANG_ENABLE_OBJC_ARC = YES;
				CLANG_WARN_BOOL_CONVERSION = YES;
				CLANG_WARN_CONSTANT_CONVERSION = YES;
				CLANG_WARN_DIRECT_OBJC_ISA_USAGE = YES_ERROR;
				CLANG_WARN_EMPTY_BODY = YES;
				CLANG_WARN_ENUM_CONVERSION = YES;
				CLANG_WARN_INT_CONVERSION = YES;
				CLANG_WARN_OBJC_ROOT_CLASS = YES_ERROR;
				CLANG_WARN__DUPLICATE_METHOD_MATCH = YES;
				"CODE_SIGN_IDENTITY[sdk=iphoneos*]" = "iPhone Developer";
				COPY_PHASE_STRIP = YES;
				ENABLE_NS_ASSERTIONS = NO;
				GCC_C_LANGUAGE_STANDARD = gnu99;
				GCC_WARN_64_TO_32_BIT_CONVERSION = YES;
				GCC_WARN_ABOUT_RETURN_TYPE = YES_ERROR;
				GCC_WARN_UNDECLARED_SELECTOR = YES;
				GCC_WARN_UNINITIALIZED_AUTOS = YES;
				GCC_WARN_UNUSED_FUNCTION = YES;
				GCC_WARN_UNUSED_VARIABLE = YES;
				IPHONEOS_DEPLOYMENT_TARGET = 7.0;
				SDKROOT = iphoneos;
				TARGETED_DEVICE_FAMILY = 2;
				VALIDATE_PRODUCT = YES;
			};
			name = Release;
		};
		236DBA2218D913F100F9BB50 /* Debug */ = {
			isa = XCBuildConfiguration;
			buildSettings = {
				ASSETCATALOG_COMPILER_APPICON_NAME = AppIcon;
				ASSETCATALOG_COMPILER_LAUNCHIMAGE_NAME = LaunchImage;
				GCC_PRECOMPILE_PREFIX_HEADER = YES;
				GCC_PREFIX_HEADER = "HOOffers/HOOffers-Prefix.pch";
				INFOPLIST_FILE = "HOOffers/HOOffers-Info.plist";
				PRODUCT_NAME = "$(TARGET_NAME)";
				WRAPPER_EXTENSION = app;
			};
			name = Debug;
		};
		236DBA2318D913F100F9BB50 /* Release */ = {
			isa = XCBuildConfiguration;
			buildSettings = {
				ASSETCATALOG_COMPILER_APPICON_NAME = AppIcon;
				ASSETCATALOG_COMPILER_LAUNCHIMAGE_NAME = LaunchImage;
				GCC_PRECOMPILE_PREFIX_HEADER = YES;
				GCC_PREFIX_HEADER = "HOOffers/HOOffers-Prefix.pch";
				INFOPLIST_FILE = "HOOffers/HOOffers-Info.plist";
				PRODUCT_NAME = "$(TARGET_NAME)";
				WRAPPER_EXTENSION = app;
			};
			name = Release;
		};
		236DBA2518D913F100F9BB50 /* Debug */ = {
			isa = XCBuildConfiguration;
			buildSettings = {
				ARCHS = "$(ARCHS_STANDARD_INCLUDING_64_BIT)";
				BUNDLE_LOADER = "$(BUILT_PRODUCTS_DIR)/HOOffers.app/HOOffers";
				FRAMEWORK_SEARCH_PATHS = (
					"$(SDKROOT)/Developer/Library/Frameworks",
					"$(inherited)",
					"$(DEVELOPER_FRAMEWORKS_DIR)",
				);
				GCC_PRECOMPILE_PREFIX_HEADER = YES;
				GCC_PREFIX_HEADER = "HOOffers/HOOffers-Prefix.pch";
				GCC_PREPROCESSOR_DEFINITIONS = (
					"DEBUG=1",
					"$(inherited)",
				);
				INFOPLIST_FILE = "HOOffersTests/HOOffersTests-Info.plist";
				PRODUCT_NAME = "$(TARGET_NAME)";
				TEST_HOST = "$(BUNDLE_LOADER)";
				WRAPPER_EXTENSION = xctest;
			};
			name = Debug;
		};
		236DBA2618D913F100F9BB50 /* Release */ = {
			isa = XCBuildConfiguration;
			buildSettings = {
				ARCHS = "$(ARCHS_STANDARD_INCLUDING_64_BIT)";
				BUNDLE_LOADER = "$(BUILT_PRODUCTS_DIR)/HOOffers.app/HOOffers";
				FRAMEWORK_SEARCH_PATHS = (
					"$(SDKROOT)/Developer/Library/Frameworks",
					"$(inherited)",
					"$(DEVELOPER_FRAMEWORKS_DIR)",
				);
				GCC_PRECOMPILE_PREFIX_HEADER = YES;
				GCC_PREFIX_HEADER = "HOOffers/HOOffers-Prefix.pch";
				INFOPLIST_FILE = "HOOffersTests/HOOffersTests-Info.plist";
				PRODUCT_NAME = "$(TARGET_NAME)";
				TEST_HOST = "$(BUNDLE_LOADER)";
				WRAPPER_EXTENSION = xctest;
			};
			name = Release;
		};
/* End XCBuildConfiguration section */

/* Begin XCConfigurationList section */
		236DB9E718D913F100F9BB50 /* Build configuration list for PBXProject "HOOffers" */ = {
			isa = XCConfigurationList;
			buildConfigurations = (
				236DBA1F18D913F100F9BB50 /* Debug */,
				236DBA2018D913F100F9BB50 /* Release */,
			);
			defaultConfigurationIsVisible = 0;
			defaultConfigurationName = Release;
		};
		236DBA2118D913F100F9BB50 /* Build configuration list for PBXNativeTarget "HOOffers" */ = {
			isa = XCConfigurationList;
			buildConfigurations = (
				236DBA2218D913F100F9BB50 /* Debug */,
				236DBA2318D913F100F9BB50 /* Release */,
			);
			defaultConfigurationIsVisible = 0;
		};
		236DBA2418D913F100F9BB50 /* Build configuration list for PBXNativeTarget "HOOffersTests" */ = {
			isa = XCConfigurationList;
			buildConfigurations = (
				236DBA2518D913F100F9BB50 /* Debug */,
				236DBA2618D913F100F9BB50 /* Release */,
			);
			defaultConfigurationIsVisible = 0;
		};
/* End XCConfigurationList section */
	};
	rootObject = 236DB9E418D913F100F9BB50 /* Project object */;
}
